
Microsoft Visual Studio Solution File, Format Version 12.00
# Visual Studio 15
VisualStudioVersion = 15.0.27703.2047
MinimumVisualStudioVersion = 10.0.40219.1
Project("{FAE04EC0-301F-11D3-BF4B-00C04F79EFBC}") = "Lab_5B_Gough", "Lab_5B_Gough\Lab_5B_Gough.csproj", "{465FD986-03C6-4987-85BB-C2BB19EF6DC4}"
EndProject
Project("{2150E333-8FDC-42A3-9474-1A3956D46DE8}") = "Solution Items", "Solution Items", "{751467F2-D685-4E3E-8E7D-F9D6FD666C62}"
	ProjectSection(SolutionItems) = preProject
		README.md = README.md
	EndProjectSection
EndProject
Global
	GlobalSection(SolutionConfigurationPlatforms) = preSolution
		Debug|Any CPU = Debug|Any CPU
		Release|Any CPU = Release|Any CPU
	EndGlobalSection
	GlobalSection(ProjectConfigurationPlatforms) = postSolution
		{465FD986-03C6-4987-85BB-C2BB19EF6DC4}.Debug|Any CPU.ActiveCfg = Debug|Any CPU
		{465FD986-03C6-4987-85BB-C2BB19EF6DC4}.Debug|Any CPU.Build.0 = Debug|Any CPU
		{465FD986-03C6-4987-85BB-C2BB19EF6DC4}.Release|Any CPU.ActiveCfg = Release|Any CPU
		{465FD986-03C6-4987-85BB-C2BB19EF6DC4}.Release|Any CPU.Build.0 = Release|Any CPU
	EndGlobalSection
	GlobalSection(SolutionProperties) = preSolution
		HideSolutionNode = FALSE
	EndGlobalSection
	GlobalSection(ExtensibilityGlobals) = postSolution
		SolutionGuid = {B247007A-08DB-430D-9FED-C3F434AC5216}
	EndGlobalSection
EndGlobal
